
Microsoft Visual Studio Solution File, Format Version 12.00
# Visual Studio 15
VisualStudioVersion = 15.0.27703.2035
MinimumVisualStudioVersion = 10.0.40219.1
Project("{2150E333-8FDC-42A3-9474-1A3956D46DE8}") = "src", "src", "{4876BC95-23DE-438D-8106-7FA73B1C8FBF}"
EndProject
Project("{2150E333-8FDC-42A3-9474-1A3956D46DE8}") = "doc", "doc", "{03C94DA7-47B0-43E8-B709-D3C0E0C604B4}"
EndProject
Project("{2150E333-8FDC-42A3-9474-1A3956D46DE8}") = "test", "test", "{EED7C2FD-9F56-44B8-AD12-F5F591590F93}"
EndProject
Project("{9A19103F-16F7-4668-BE54-9A1E7A4F7556}") = "Egoal.Infrastructure", "src\Egoal.Infrastructure\Egoal.Infrastructure.csproj", "{8977F7A3-5817-4523-8DFE-8B3D3250E873}"
EndProject
Project("{9A19103F-16F7-4668-BE54-9A1E7A4F7556}") = "Egoal.Web.Api", "src\Egoal.Web.Api\Egoal.Web.Api.csproj", "{8A6E4C0D-C66D-4909-BA78-3038417110E7}"
EndProject
Project("{9A19103F-16F7-4668-BE54-9A1E7A4F7556}") = "Egoal.EntityFrameworkCore", "src\Egoal.EntityFrameworkCore\Egoal.EntityFrameworkCore.csproj", "{1A73564A-E962-42AE-AF46-CDC2A8257D79}"
EndProject
Project("{9A19103F-16F7-4668-BE54-9A1E7A4F7556}") = "Egoal.Repository", "src\Egoal.Repository\Egoal.Repository.csproj", "{02037245-4D1F-4C4E-BEEE-BBBC6F60E1AA}"
EndProject
Project("{9A19103F-16F7-4668-BE54-9A1E7A4F7556}") = "Egoal.Domain", "src\Egoal.Domain\Egoal.Domain.csproj", "{F1755C9F-F71E-4C6E-B816-891554351A39}"
EndProject
Project("{9A19103F-16F7-4668-BE54-9A1E7A4F7556}") = "Egoal.Application", "src\Egoal.Application\Egoal.Application.csproj", "{D18DEDFB-0940-4BED-9F65-81141DE583A4}"
EndProject
Project("{9A19103F-16F7-4668-BE54-9A1E7A4F7556}") = "Egoal.AspNetCore", "src\Egoal.AspNetCore\Egoal.AspNetCore.csproj", "{B38A0D4C-75FD-46AC-B390-9A443E876F8E}"
EndProject
Project("{9A19103F-16F7-4668-BE54-9A1E7A4F7556}") = "Egoal.WeChat", "src\Egoal.WeChat\Egoal.WeChat.csproj", "{F8A2FC05-E024-441E-B351-72D1F3D73412}"
EndProject
Project("{9A19103F-16F7-4668-BE54-9A1E7A4F7556}") = "Egoal.Payment.WeChatPay", "src\Egoal.Payment.WeChatPay\Egoal.Payment.WeChatPay.csproj", "{7CC7AE1F-FEA8-4425-AC5C-F82EE358D4A5}"
EndProject
Project("{9A19103F-16F7-4668-BE54-9A1E7A4F7556}") = "Egoal.ShortMessage.Huyi", "src\Egoal.ShortMessage.Huyi\Egoal.ShortMessage.Huyi.csproj", "{872683DD-7CA2-4D0B-B9E2-67C6A41A0532}"
EndProject
Project("{9A19103F-16F7-4668-BE54-9A1E7A4F7556}") = "Egoal.Payment.SaobePay", "src\Egoal.Payment.SaobePay\Egoal.Payment.SaobePay.csproj", "{080C937D-5086-46EA-91EA-BA198FF83883}"
EndProject
Project("{9A19103F-16F7-4668-BE54-9A1E7A4F7556}") = "Egoal.Model", "src\Egoal.Model\Egoal.Model.csproj", "{231F0655-EC87-4B48-9273-B9B97CD15121}"
EndProject
Project("{9A19103F-16F7-4668-BE54-9A1E7A4F7556}") = "Egoal.Payment.Alipay", "src\Egoal.Payment.Alipay\Egoal.Payment.Alipay.csproj", "{331C11A7-83A8-4910-92AF-A8348C7E7CC3}"
EndProject
Project("{9A19103F-16F7-4668-BE54-9A1E7A4F7556}") = "Egoal.Email.MailKit", "src\Egoal.Email.MailKit\Egoal.Email.MailKit.csproj", "{1EABF5B4-932C-458E-9D6F-475C0034F359}"
EndProject
Project("{9A19103F-16F7-4668-BE54-9A1E7A4F7556}") = "Egoal.Invoice.GuangDongBaiWangJiuBin", "src\Egoal.Invoice.GuangDongBaiWangJiuBin\Egoal.Invoice.GuangDongBaiWangJiuBin.csproj", "{E1010AA5-E209-4165-9B2D-DF7725F57A5D}"
EndProject
Project("{9A19103F-16F7-4668-BE54-9A1E7A4F7556}") = "Egoal.Redis", "src\Egoal.Redis\Egoal.Redis.csproj", "{C405DCFC-2294-4192-A721-AF7E2E50AA55}"
EndProject
Project("{9A19103F-16F7-4668-BE54-9A1E7A4F7556}") = "Egoal.Payment.IcbcPay", "src\Egoal.Payment.ICBC\Egoal.Payment.IcbcPay.csproj", "{36B67F46-4AEE-46A3-8C1E-CDDFFF367F5A}"
EndProject
Project("{FAE04EC0-301F-11D3-BF4B-00C04F79EFBC}") = "Egoal.Payment.IcbcPay.CA", "src\Egoal.Payment.IcbcPay.CA\Egoal.Payment.IcbcPay.CA.csproj", "{A5B85042-A5AA-47F5-905B-34D0397ADF84}"
EndProject
Global
	GlobalSection(SolutionConfigurationPlatforms) = preSolution
		Debug|Any CPU = Debug|Any CPU
		Release|Any CPU = Release|Any CPU
	EndGlobalSection
	GlobalSection(ProjectConfigurationPlatforms) = postSolution
		{8977F7A3-5817-4523-8DFE-8B3D3250E873}.Debug|Any CPU.ActiveCfg = Debug|Any CPU
		{8977F7A3-5817-4523-8DFE-8B3D3250E873}.Debug|Any CPU.Build.0 = Debug|Any CPU
		{8977F7A3-5817-4523-8DFE-8B3D3250E873}.Release|Any CPU.ActiveCfg = Release|Any CPU
		{8977F7A3-5817-4523-8DFE-8B3D3250E873}.Release|Any CPU.Build.0 = Release|Any CPU
		{8A6E4C0D-C66D-4909-BA78-3038417110E7}.Debug|Any CPU.ActiveCfg = Debug|Any CPU
		{8A6E4C0D-C66D-4909-BA78-3038417110E7}.Debug|Any CPU.Build.0 = Debug|Any CPU
		{8A6E4C0D-C66D-4909-BA78-3038417110E7}.Release|Any CPU.ActiveCfg = Release|Any CPU
		{8A6E4C0D-C66D-4909-BA78-3038417110E7}.Release|Any CPU.Build.0 = Release|Any CPU
		{1A73564A-E962-42AE-AF46-CDC2A8257D79}.Debug|Any CPU.ActiveCfg = Debug|Any CPU
		{1A73564A-E962-42AE-AF46-CDC2A8257D79}.Debug|Any CPU.Build.0 = Debug|Any CPU
		{1A73564A-E962-42AE-AF46-CDC2A8257D79}.Release|Any CPU.ActiveCfg = Release|Any CPU
		{1A73564A-E962-42AE-AF46-CDC2A8257D79}.Release|Any CPU.Build.0 = Release|Any CPU
		{02037245-4D1F-4C4E-BEEE-BBBC6F60E1AA}.Debug|Any CPU.ActiveCfg = Debug|Any CPU
		{02037245-4D1F-4C4E-BEEE-BBBC6F60E1AA}.Debug|Any CPU.Build.0 = Debug|Any CPU
		{02037245-4D1F-4C4E-BEEE-BBBC6F60E1AA}.Release|Any CPU.ActiveCfg = Release|Any CPU
		{02037245-4D1F-4C4E-BEEE-BBBC6F60E1AA}.Release|Any CPU.Build.0 = Release|Any CPU
		{F1755C9F-F71E-4C6E-B816-891554351A39}.Debug|Any CPU.ActiveCfg = Debug|Any CPU
		{F1755C9F-F71E-4C6E-B816-891554351A39}.Debug|Any CPU.Build.0 = Debug|Any CPU
		{F1755C9F-F71E-4C6E-B816-891554351A39}.Release|Any CPU.ActiveCfg = Release|Any CPU
		{F1755C9F-F71E-4C6E-B816-891554351A39}.Release|Any CPU.Build.0 = Release|Any CPU
		{D18DEDFB-0940-4BED-9F65-81141DE583A4}.Debug|Any CPU.ActiveCfg = Debug|Any CPU
		{D18DEDFB-0940-4BED-9F65-81141DE583A4}.Debug|Any CPU.Build.0 = Debug|Any CPU
		{D18DEDFB-0940-4BED-9F65-81141DE583A4}.Release|Any CPU.ActiveCfg = Release|Any CPU
		{D18DEDFB-0940-4BED-9F65-81141DE583A4}.Release|Any CPU.Build.0 = Release|Any CPU
		{B38A0D4C-75FD-46AC-B390-9A443E876F8E}.Debug|Any CPU.ActiveCfg = Debug|Any CPU
		{B38A0D4C-75FD-46AC-B390-9A443E876F8E}.Debug|Any CPU.Build.0 = Debug|Any CPU
		{B38A0D4C-75FD-46AC-B390-9A443E876F8E}.Release|Any CPU.ActiveCfg = Release|Any CPU
		{B38A0D4C-75FD-46AC-B390-9A443E876F8E}.Release|Any CPU.Build.0 = Release|Any CPU
		{F8A2FC05-E024-441E-B351-72D1F3D73412}.Debug|Any CPU.ActiveCfg = Debug|Any CPU
		{F8A2FC05-E024-441E-B351-72D1F3D73412}.Debug|Any CPU.Build.0 = Debug|Any CPU
		{F8A2FC05-E024-441E-B351-72D1F3D73412}.Release|Any CPU.ActiveCfg = Release|Any CPU
		{F8A2FC05-E024-441E-B351-72D1F3D73412}.Release|Any CPU.Build.0 = Release|Any CPU
		{7CC7AE1F-FEA8-4425-AC5C-F82EE358D4A5}.Debug|Any CPU.ActiveCfg = Debug|Any CPU
		{7CC7AE1F-FEA8-4425-AC5C-F82EE358D4A5}.Debug|Any CPU.Build.0 = Debug|Any CPU
		{7CC7AE1F-FEA8-4425-AC5C-F82EE358D4A5}.Release|Any CPU.ActiveCfg = Release|Any CPU
		{7CC7AE1F-FEA8-4425-AC5C-F82EE358D4A5}.Release|Any CPU.Build.0 = Release|Any CPU
		{872683DD-7CA2-4D0B-B9E2-67C6A41A0532}.Debug|Any CPU.ActiveCfg = Debug|Any CPU
		{872683DD-7CA2-4D0B-B9E2-67C6A41A0532}.Debug|Any CPU.Build.0 = Debug|Any CPU
		{872683DD-7CA2-4D0B-B9E2-67C6A41A0532}.Release|Any CPU.ActiveCfg = Release|Any CPU
		{872683DD-7CA2-4D0B-B9E2-67C6A41A0532}.Release|Any CPU.Build.0 = Release|Any CPU
		{080C937D-5086-46EA-91EA-BA198FF83883}.Debug|Any CPU.ActiveCfg = Debug|Any CPU
		{080C937D-5086-46EA-91EA-BA198FF83883}.Debug|Any CPU.Build.0 = Debug|Any CPU
		{080C937D-5086-46EA-91EA-BA198FF83883}.Release|Any CPU.ActiveCfg = Release|Any CPU
		{080C937D-5086-46EA-91EA-BA198FF83883}.Release|Any CPU.Build.0 = Release|Any CPU
		{231F0655-EC87-4B48-9273-B9B97CD15121}.Debug|Any CPU.ActiveCfg = Debug|Any CPU
		{231F0655-EC87-4B48-9273-B9B97CD15121}.Debug|Any CPU.Build.0 = Debug|Any CPU
		{231F0655-EC87-4B48-9273-B9B97CD15121}.Release|Any CPU.ActiveCfg = Release|Any CPU
		{231F0655-EC87-4B48-9273-B9B97CD15121}.Release|Any CPU.Build.0 = Release|Any CPU
		{331C11A7-83A8-4910-92AF-A8348C7E7CC3}.Debug|Any CPU.ActiveCfg = Debug|Any CPU
		{331C11A7-83A8-4910-92AF-A8348C7E7CC3}.Debug|Any CPU.Build.0 = Debug|Any CPU
		{331C11A7-83A8-4910-92AF-A8348C7E7CC3}.Release|Any CPU.ActiveCfg = Release|Any CPU
		{331C11A7-83A8-4910-92AF-A8348C7E7CC3}.Release|Any CPU.Build.0 = Release|Any CPU
		{1EABF5B4-932C-458E-9D6F-475C0034F359}.Debug|Any CPU.ActiveCfg = Debug|Any CPU
		{1EABF5B4-932C-458E-9D6F-475C0034F359}.Debug|Any CPU.Build.0 = Debug|Any CPU
		{1EABF5B4-932C-458E-9D6F-475C0034F359}.Release|Any CPU.ActiveCfg = Release|Any CPU
		{1EABF5B4-932C-458E-9D6F-475C0034F359}.Release|Any CPU.Build.0 = Release|Any CPU
		{E1010AA5-E209-4165-9B2D-DF7725F57A5D}.Debug|Any CPU.ActiveCfg = Debug|Any CPU
		{E1010AA5-E209-4165-9B2D-DF7725F57A5D}.Debug|Any CPU.Build.0 = Debug|Any CPU
		{E1010AA5-E209-4165-9B2D-DF7725F57A5D}.Release|Any CPU.ActiveCfg = Release|Any CPU
		{E1010AA5-E209-4165-9B2D-DF7725F57A5D}.Release|Any CPU.Build.0 = Release|Any CPU
		{C405DCFC-2294-4192-A721-AF7E2E50AA55}.Debug|Any CPU.ActiveCfg = Debug|Any CPU
		{C405DCFC-2294-4192-A721-AF7E2E50AA55}.Debug|Any CPU.Build.0 = Debug|Any CPU
		{C405DCFC-2294-4192-A721-AF7E2E50AA55}.Release|Any CPU.ActiveCfg = Release|Any CPU
		{C405DCFC-2294-4192-A721-AF7E2E50AA55}.Release|Any CPU.Build.0 = Release|Any CPU
		{36B67F46-4AEE-46A3-8C1E-CDDFFF367F5A}.Debug|Any CPU.ActiveCfg = Debug|Any CPU
		{36B67F46-4AEE-46A3-8C1E-CDDFFF367F5A}.Debug|Any CPU.Build.0 = Debug|Any CPU
		{36B67F46-4AEE-46A3-8C1E-CDDFFF367F5A}.Release|Any CPU.ActiveCfg = Release|Any CPU
		{36B67F46-4AEE-46A3-8C1E-CDDFFF367F5A}.Release|Any CPU.Build.0 = Release|Any CPU
		{A5B85042-A5AA-47F5-905B-34D0397ADF84}.Debug|Any CPU.ActiveCfg = Debug|Any CPU
		{A5B85042-A5AA-47F5-905B-34D0397ADF84}.Debug|Any CPU.Build.0 = Debug|Any CPU
		{A5B85042-A5AA-47F5-905B-34D0397ADF84}.Release|Any CPU.ActiveCfg = Release|Any CPU
		{A5B85042-A5AA-47F5-905B-34D0397ADF84}.Release|Any CPU.Build.0 = Release|Any CPU
	EndGlobalSection
	GlobalSection(SolutionProperties) = preSolution
		HideSolutionNode = FALSE
	EndGlobalSection
	GlobalSection(NestedProjects) = preSolution
		{8977F7A3-5817-4523-8DFE-8B3D3250E873} = {4876BC95-23DE-438D-8106-7FA73B1C8FBF}
		{8A6E4C0D-C66D-4909-BA78-3038417110E7} = {4876BC95-23DE-438D-8106-7FA73B1C8FBF}
		{1A73564A-E962-42AE-AF46-CDC2A8257D79} = {4876BC95-23DE-438D-8106-7FA73B1C8FBF}
		{02037245-4D1F-4C4E-BEEE-BBBC6F60E1AA} = {4876BC95-23DE-438D-8106-7FA73B1C8FBF}
		{F1755C9F-F71E-4C6E-B816-891554351A39} = {4876BC95-23DE-438D-8106-7FA73B1C8FBF}
		{D18DEDFB-0940-4BED-9F65-81141DE583A4} = {4876BC95-23DE-438D-8106-7FA73B1C8FBF}
		{B38A0D4C-75FD-46AC-B390-9A443E876F8E} = {4876BC95-23DE-438D-8106-7FA73B1C8FBF}
		{F8A2FC05-E024-441E-B351-72D1F3D73412} = {4876BC95-23DE-438D-8106-7FA73B1C8FBF}
		{7CC7AE1F-FEA8-4425-AC5C-F82EE358D4A5} = {4876BC95-23DE-438D-8106-7FA73B1C8FBF}
		{872683DD-7CA2-4D0B-B9E2-67C6A41A0532} = {4876BC95-23DE-438D-8106-7FA73B1C8FBF}
		{080C937D-5086-46EA-91EA-BA198FF83883} = {4876BC95-23DE-438D-8106-7FA73B1C8FBF}
		{231F0655-EC87-4B48-9273-B9B97CD15121} = {4876BC95-23DE-438D-8106-7FA73B1C8FBF}
		{331C11A7-83A8-4910-92AF-A8348C7E7CC3} = {4876BC95-23DE-438D-8106-7FA73B1C8FBF}
		{1EABF5B4-932C-458E-9D6F-475C0034F359} = {4876BC95-23DE-438D-8106-7FA73B1C8FBF}
		{E1010AA5-E209-4165-9B2D-DF7725F57A5D} = {4876BC95-23DE-438D-8106-7FA73B1C8FBF}
		{C405DCFC-2294-4192-A721-AF7E2E50AA55} = {4876BC95-23DE-438D-8106-7FA73B1C8FBF}
		{36B67F46-4AEE-46A3-8C1E-CDDFFF367F5A} = {4876BC95-23DE-438D-8106-7FA73B1C8FBF}
		{A5B85042-A5AA-47F5-905B-34D0397ADF84} = {4876BC95-23DE-438D-8106-7FA73B1C8FBF}
	EndGlobalSection
	GlobalSection(ExtensibilityGlobals) = postSolution
		SolutionGuid = {5201087C-0904-432E-938C-3394AA8C2725}
	EndGlobalSection
EndGlobal
